<?xml version="1.0" encoding="UTF-8" standalone="yes" ?>
<CodeBlocks_project_file>
	<FileVersion major="1" minor="6" />
	<Project>
		<Option title="gunminh2" />
		<Option pch_mode="2" />
		<Option compiler="gcc" />
		<Build>
			<Target title="Debug">
				<Option output="bin/Debug/gunminh2" prefix_auto="1" extension_auto="1" />
				<Option object_output="obj/Debug/" />
				<Option type="1" />
				<Option compiler="gcc" />
				<Option use_console_runner="0" />
				<Compiler>
					<Add option="-g" />
				</Compiler>
			</Target>
			<Target title="Release">
				<Option output="bin/Release/gunminh2" prefix_auto="1" extension_auto="1" />
				<Option object_output="obj/Release/" />
				<Option type="1" />
				<Option compiler="gcc" />
				<Compiler>
					<Add option="-O2" />
				</Compiler>
				<Linker>
					<Add option="-s" />
				</Linker>
			</Target>
		</Build>
		<Compiler>
			<Add option="-Wall" />
			<Add directory="../i686-w64-mingw32/include/SDL2" />
			<Add directory="../i686-w64-mingw32x/include/SDL2" />
			<Add directory="../i686-w64-mingw32y/include/SDL2" />
		</Compiler>
		<Linker>
			<Add option="-lmingw32 -lSDL2main -lSDL2" />
			<Add option="-lSDL2_image" />
			<Add option="-lSDL2_ttf" />
			<Add directory="../i686-w64-mingw32x/lib" />
			<Add directory="../i686-w64-mingw32y/lib" />
			<Add directory="../i686-w64-mingw32/lib" />
		</Linker>
		<Unit filename="Block.cpp" />
		<Unit filename="Bullet.cpp" />
		<Unit filename="BulletControl.cpp" />
		<Unit filename="BulletManager.cpp" />
		<Unit filename="Enemy.cpp" />
		<Unit filename="HealthManager.cpp" />
		<Unit filename="LTexture.cpp" />
		<Unit filename="TimeManager.cpp" />
		<Unit filename="button.cpp" />
		<Unit filename="declaration.cpp" />
		<Unit filename="door and key.cpp" />
		<Unit filename="header.h" />
		<Unit filename="hero.cpp" />
		<Unit filename="main.cpp" />
		<Unit filename="menu.cpp" />
		<Unit filename="stage1.cpp" />
		<Extensions>
			<code_completion />
			<envvars />
			<debugger />
		</Extensions>
	</Project>
</CodeBlocks_project_file>
